
Microsoft Visual Studio Solution File, Format Version 12.00
# Visual Studio Version 17
VisualStudioVersion = 17.0.31903.59
MinimumVisualStudioVersion = 10.0.40219.1
Project("{2150E333-8FDC-42A3-9474-1A3956D46DE8}") = "src", "src", "{827E0CD3-B72D-47B6-A68D-7590B98EB39B}"
EndProject
Project("{FAE04EC0-301F-11D3-BF4B-00C04F79EFBC}") = "EchoForge.Core", "src\EchoForge.Core\EchoForge.Core.csproj", "{B9E582FE-F3F3-4EC5-AC7F-C146422A4755}"
EndProject
Project("{FAE04EC0-301F-11D3-BF4B-00C04F79EFBC}") = "EchoForge.Infrastructure", "src\EchoForge.Infrastructure\EchoForge.Infrastructure.csproj", "{6E0DF41F-62B7-424A-9979-0D1E833A7931}"
EndProject
Project("{FAE04EC0-301F-11D3-BF4B-00C04F79EFBC}") = "EchoForge.API", "src\EchoForge.API\EchoForge.API.csproj", "{B8D310F2-1A07-4C77-A27B-6FA14CDE1F7F}"
EndProject
Project("{FAE04EC0-301F-11D3-BF4B-00C04F79EFBC}") = "EchoForge.WPF", "src\EchoForge.WPF\EchoForge.WPF.csproj", "{27FEBF02-BE98-421A-BEB8-19750E41BCA0}"
EndProject
Project("{FAE04EC0-301F-11D3-BF4B-00C04F79EFBC}") = "EchoForge.Tests", "tests\EchoForge.Tests\EchoForge.Tests.csproj", "{A41B25AC-D14E-4AAC-8EE4-C939C655FB68}"
EndProject
Global
	GlobalSection(SolutionConfigurationPlatforms) = preSolution
		Debug|Any CPU = Debug|Any CPU
		Debug|x64 = Debug|x64
		Debug|x86 = Debug|x86
		Release|Any CPU = Release|Any CPU
		Release|x64 = Release|x64
		Release|x86 = Release|x86
	EndGlobalSection
	GlobalSection(ProjectConfigurationPlatforms) = postSolution
		{B9E582FE-F3F3-4EC5-AC7F-C146422A4755}.Debug|Any CPU.ActiveCfg = Debug|Any CPU
		{B9E582FE-F3F3-4EC5-AC7F-C146422A4755}.Debug|Any CPU.Build.0 = Debug|Any CPU
		{B9E582FE-F3F3-4EC5-AC7F-C146422A4755}.Debug|x64.ActiveCfg = Debug|Any CPU
		{B9E582FE-F3F3-4EC5-AC7F-C146422A4755}.Debug|x64.Build.0 = Debug|Any CPU
		{B9E582FE-F3F3-4EC5-AC7F-C146422A4755}.Debug|x86.ActiveCfg = Debug|Any CPU
		{B9E582FE-F3F3-4EC5-AC7F-C146422A4755}.Debug|x86.Build.0 = Debug|Any CPU
		{B9E582FE-F3F3-4EC5-AC7F-C146422A4755}.Release|Any CPU.ActiveCfg = Release|Any CPU
		{B9E582FE-F3F3-4EC5-AC7F-C146422A4755}.Release|Any CPU.Build.0 = Release|Any CPU
		{B9E582FE-F3F3-4EC5-AC7F-C146422A4755}.Release|x64.ActiveCfg = Release|Any CPU
		{B9E582FE-F3F3-4EC5-AC7F-C146422A4755}.Release|x64.Build.0 = Release|Any CPU
		{B9E582FE-F3F3-4EC5-AC7F-C146422A4755}.Release|x86.ActiveCfg = Release|Any CPU
		{B9E582FE-F3F3-4EC5-AC7F-C146422A4755}.Release|x86.Build.0 = Release|Any CPU
		{6E0DF41F-62B7-424A-9979-0D1E833A7931}.Debug|Any CPU.ActiveCfg = Debug|Any CPU
		{6E0DF41F-62B7-424A-9979-0D1E833A7931}.Debug|Any CPU.Build.0 = Debug|Any CPU
		{6E0DF41F-62B7-424A-9979-0D1E833A7931}.Debug|x64.ActiveCfg = Debug|Any CPU
		{6E0DF41F-62B7-424A-9979-0D1E833A7931}.Debug|x64.Build.0 = Debug|Any CPU
		{6E0DF41F-62B7-424A-9979-0D1E833A7931}.Debug|x86.ActiveCfg = Debug|Any CPU
		{6E0DF41F-62B7-424A-9979-0D1E833A7931}.Debug|x86.Build.0 = Debug|Any CPU
		{6E0DF41F-62B7-424A-9979-0D1E833A7931}.Release|Any CPU.ActiveCfg = Release|Any CPU
		{6E0DF41F-62B7-424A-9979-0D1E833A7931}.Release|Any CPU.Build.0 = Release|Any CPU
		{6E0DF41F-62B7-424A-9979-0D1E833A7931}.Release|x64.ActiveCfg = Release|Any CPU
		{6E0DF41F-62B7-424A-9979-0D1E833A7931}.Release|x64.Build.0 = Release|Any CPU
		{6E0DF41F-62B7-424A-9979-0D1E833A7931}.Release|x86.ActiveCfg = Release|Any CPU
		{6E0DF41F-62B7-424A-9979-0D1E833A7931}.Release|x86.Build.0 = Release|Any CPU
		{B8D310F2-1A07-4C77-A27B-6FA14CDE1F7F}.Debug|Any CPU.ActiveCfg = Debug|Any CPU
		{B8D310F2-1A07-4C77-A27B-6FA14CDE1F7F}.Debug|Any CPU.Build.0 = Debug|Any CPU
		{B8D310F2-1A07-4C77-A27B-6FA14CDE1F7F}.Debug|x64.ActiveCfg = Debug|Any CPU
		{B8D310F2-1A07-4C77-A27B-6FA14CDE1F7F}.Debug|x64.Build.0 = Debug|Any CPU
		{B8D310F2-1A07-4C77-A27B-6FA14CDE1F7F}.Debug|x86.ActiveCfg = Debug|Any CPU
		{B8D310F2-1A07-4C77-A27B-6FA14CDE1F7F}.Debug|x86.Build.0 = Debug|Any CPU
		{B8D310F2-1A07-4C77-A27B-6FA14CDE1F7F}.Release|Any CPU.ActiveCfg = Release|Any CPU
		{B8D310F2-1A07-4C77-A27B-6FA14CDE1F7F}.Release|Any CPU.Build.0 = Release|Any CPU
		{B8D310F2-1A07-4C77-A27B-6FA14CDE1F7F}.Release|x64.ActiveCfg = Release|Any CPU
		{B8D310F2-1A07-4C77-A27B-6FA14CDE1F7F}.Release|x64.Build.0 = Release|Any CPU
		{B8D310F2-1A07-4C77-A27B-6FA14CDE1F7F}.Release|x86.ActiveCfg = Release|Any CPU
		{B8D310F2-1A07-4C77-A27B-6FA14CDE1F7F}.Release|x86.Build.0 = Release|Any CPU
		{27FEBF02-BE98-421A-BEB8-19750E41BCA0}.Debug|Any CPU.ActiveCfg = Debug|Any CPU
		{27FEBF02-BE98-421A-BEB8-19750E41BCA0}.Debug|Any CPU.Build.0 = Debug|Any CPU
		{27FEBF02-BE98-421A-BEB8-19750E41BCA0}.Debug|x64.ActiveCfg = Debug|Any CPU
		{27FEBF02-BE98-421A-BEB8-19750E41BCA0}.Debug|x64.Build.0 = Debug|Any CPU
		{27FEBF02-BE98-421A-BEB8-19750E41BCA0}.Debug|x86.ActiveCfg = Debug|Any CPU
		{27FEBF02-BE98-421A-BEB8-19750E41BCA0}.Debug|x86.Build.0 = Debug|Any CPU
		{27FEBF02-BE98-421A-BEB8-19750E41BCA0}.Release|Any CPU.ActiveCfg = Release|Any CPU
		{27FEBF02-BE98-421A-BEB8-19750E41BCA0}.Release|Any CPU.Build.0 = Release|Any CPU
		{27FEBF02-BE98-421A-BEB8-19750E41BCA0}.Release|x64.ActiveCfg = Release|Any CPU
		{27FEBF02-BE98-421A-BEB8-19750E41BCA0}.Release|x64.Build.0 = Release|Any CPU
		{27FEBF02-BE98-421A-BEB8-19750E41BCA0}.Release|x86.ActiveCfg = Release|Any CPU
		{27FEBF02-BE98-421A-BEB8-19750E41BCA0}.Release|x86.Build.0 = Release|Any CPU
		{A41B25AC-D14E-4AAC-8EE4-C939C655FB68}.Debug|Any CPU.ActiveCfg = Debug|Any CPU
		{A41B25AC-D14E-4AAC-8EE4-C939C655FB68}.Debug|Any CPU.Build.0 = Debug|Any CPU
		{A41B25AC-D14E-4AAC-8EE4-C939C655FB68}.Debug|x64.ActiveCfg = Debug|Any CPU
		{A41B25AC-D14E-4AAC-8EE4-C939C655FB68}.Debug|x64.Build.0 = Debug|Any CPU
		{A41B25AC-D14E-4AAC-8EE4-C939C655FB68}.Debug|x86.ActiveCfg = Debug|Any CPU
		{A41B25AC-D14E-4AAC-8EE4-C939C655FB68}.Debug|x86.Build.0 = Debug|Any CPU
		{A41B25AC-D14E-4AAC-8EE4-C939C655FB68}.Release|Any CPU.ActiveCfg = Release|Any CPU
		{A41B25AC-D14E-4AAC-8EE4-C939C655FB68}.Release|Any CPU.Build.0 = Release|Any CPU
		{A41B25AC-D14E-4AAC-8EE4-C939C655FB68}.Release|x64.ActiveCfg = Release|Any CPU
		{A41B25AC-D14E-4AAC-8EE4-C939C655FB68}.Release|x64.Build.0 = Release|Any CPU
		{A41B25AC-D14E-4AAC-8EE4-C939C655FB68}.Release|x86.ActiveCfg = Release|Any CPU
		{A41B25AC-D14E-4AAC-8EE4-C939C655FB68}.Release|x86.Build.0 = Release|Any CPU
	EndGlobalSection
	GlobalSection(SolutionProperties) = preSolution
		HideSolutionNode = FALSE
	EndGlobalSection
	GlobalSection(NestedProjects) = preSolution
		{B9E582FE-F3F3-4EC5-AC7F-C146422A4755} = {827E0CD3-B72D-47B6-A68D-7590B98EB39B}
		{6E0DF41F-62B7-424A-9979-0D1E833A7931} = {827E0CD3-B72D-47B6-A68D-7590B98EB39B}
		{B8D310F2-1A07-4C77-A27B-6FA14CDE1F7F} = {827E0CD3-B72D-47B6-A68D-7590B98EB39B}
		{27FEBF02-BE98-421A-BEB8-19750E41BCA0} = {827E0CD3-B72D-47B6-A68D-7590B98EB39B}
		{A41B25AC-D14E-4AAC-8EE4-C939C655FB68} = {827E0CD3-B72D-47B6-A68D-7590B98EB39B}
	EndGlobalSection
EndGlobal
